// !$*UTF8*$!
{
	archiveVersion = 1;
	classes = {
	};
	objectVersion = 55;
	objects = {

/* Begin PBXBuildFile section */
		C23C9E52288968300087040E /* ImportRecipieView.swift in Sources */ = {isa = PBXBuildFile; fileRef = C23C9E51288968300087040E /* ImportRecipieView.swift */; };
		C259308B286641E600AD529D /* DataProto.swift in Sources */ = {isa = PBXBuildFile; fileRef = C259308A286641E600AD529D /* DataProto.swift */; };
		C2593090286642D200AD529D /* Datacontroller.swift in Sources */ = {isa = PBXBuildFile; fileRef = C259308F286642D200AD529D /* Datacontroller.swift */; };
		C259309228664C3600AD529D /* AddRecipieView.swift in Sources */ = {isa = PBXBuildFile; fileRef = C259309128664C3600AD529D /* AddRecipieView.swift */; };
		C259309528664F9300AD529D /* RezeptSammlung.swift in Sources */ = {isa = PBXBuildFile; fileRef = C259309428664F9300AD529D /* RezeptSammlung.swift */; };
		C2632766282F9E0D00B8E1B1 /* WrappingHStack in Frameworks */ = {isa = PBXBuildFile; productRef = C2632765282F9E0D00B8E1B1 /* WrappingHStack */; };
		C2688602286C264E0065D521 /* SettingsView.swift in Sources */ = {isa = PBXBuildFile; fileRef = C2688601286C264E0065D521 /* SettingsView.swift */; };
		C2688604286C478B0065D521 /* RecipieGeneratorLogic.swift in Sources */ = {isa = PBXBuildFile; fileRef = C2688603286C478A0065D521 /* RecipieGeneratorLogic.swift */; };
		C2688606286C573C0065D521 /* TagConverter.swift in Sources */ = {isa = PBXBuildFile; fileRef = C2688605286C573C0065D521 /* TagConverter.swift */; };
		C277C706286E3C87008D3F7C /* ShoppingListItem.swift in Sources */ = {isa = PBXBuildFile; fileRef = C277C705286E3C87008D3F7C /* ShoppingListItem.swift */; };
		C279DC00286F991D00466B5D /* PreloadRecipies.swift in Sources */ = {isa = PBXBuildFile; fileRef = C279DBFF286F991D00466B5D /* PreloadRecipies.swift */; };
		C28F381D282CFCBA0074079B /* Rezepte.swift in Sources */ = {isa = PBXBuildFile; fileRef = C28F381C282CFCBA0074079B /* Rezepte.swift */; };
		C28F381F282D1B6F0074079B /* ColorTheme.swift in Sources */ = {isa = PBXBuildFile; fileRef = C28F381E282D1B6F0074079B /* ColorTheme.swift */; };
		C2945651282B977700931872 /* weekleatApp.swift in Sources */ = {isa = PBXBuildFile; fileRef = C2945650282B977700931872 /* weekleatApp.swift */; };
		C2945655282B977900931872 /* Assets.xcassets in Resources */ = {isa = PBXBuildFile; fileRef = C2945654282B977900931872 /* Assets.xcassets */; };
		C2945658282B977900931872 /* Preview Assets.xcassets in Resources */ = {isa = PBXBuildFile; fileRef = C2945657282B977900931872 /* Preview Assets.xcassets */; };
		C2945665282BAB3200931872 /* Migra.otf in Resources */ = {isa = PBXBuildFile; fileRef = C2945664282BAB3200931872 /* Migra.otf */; };
		C294566B282BB7E300931872 /* WeekPlanner.swift in Sources */ = {isa = PBXBuildFile; fileRef = C294566A282BB7E300931872 /* WeekPlanner.swift */; };
		C2AB072328646D1D00276B92 /* BottomBarNavigation.swift in Sources */ = {isa = PBXBuildFile; fileRef = C2AB072228646D1D00276B92 /* BottomBarNavigation.swift */; };
		C2AE2A5E28698BAD00CB0DA6 /* Weekleat.xcdatamodeld in Sources */ = {isa = PBXBuildFile; fileRef = C2AE2A5C28698BAD00CB0DA6 /* Weekleat.xcdatamodeld */; };
		C2AE2A6B2869951100CB0DA6 /* Ingredient+CoreDataClass.swift in Sources */ = {isa = PBXBuildFile; fileRef = C2AE2A672869951100CB0DA6 /* Ingredient+CoreDataClass.swift */; };
		C2AE2A6C2869951100CB0DA6 /* Ingredient+CoreDataProperties.swift in Sources */ = {isa = PBXBuildFile; fileRef = C2AE2A682869951100CB0DA6 /* Ingredient+CoreDataProperties.swift */; };
		C2AE2A6D2869951100CB0DA6 /* Recipie+CoreDataClass.swift in Sources */ = {isa = PBXBuildFile; fileRef = C2AE2A692869951100CB0DA6 /* Recipie+CoreDataClass.swift */; };
		C2AE2A6E2869951100CB0DA6 /* Recipie+CoreDataProperties.swift in Sources */ = {isa = PBXBuildFile; fileRef = C2AE2A6A2869951100CB0DA6 /* Recipie+CoreDataProperties.swift */; };
		C2AE458E286ACF0A00EC383E /* SingleTagViewButton.swift in Sources */ = {isa = PBXBuildFile; fileRef = C2AE458D286ACF0A00EC383E /* SingleTagViewButton.swift */; };
		C2B49DEA2848DC54002F695B /* SingleTagView.swift in Sources */ = {isa = PBXBuildFile; fileRef = C2B49DE92848DC54002F695B /* SingleTagView.swift */; };
		C2B49DEC2849F2F0002F695B /* ListItemElement.swift in Sources */ = {isa = PBXBuildFile; fileRef = C2B49DEB2849F2F0002F695B /* ListItemElement.swift */; };
		C2D3D406286DF4C500A92956 /* EditRecipieView.swift in Sources */ = {isa = PBXBuildFile; fileRef = C2D3D405286DF4C500A92956 /* EditRecipieView.swift */; };
		C2D3D408286E023D00A92956 /* IngredientsLogic.swift in Sources */ = {isa = PBXBuildFile; fileRef = C2D3D407286E023D00A92956 /* IngredientsLogic.swift */; };
		C2D3D40A286E247D00A92956 /* ShoppinglistView.swift in Sources */ = {isa = PBXBuildFile; fileRef = C2D3D409286E247D00A92956 /* ShoppinglistView.swift */; };
		C2DA7FC9283E339B009B8FE0 /* TagIcons.swift in Sources */ = {isa = PBXBuildFile; fileRef = C2DA7FC8283E339B009B8FE0 /* TagIcons.swift */; };
		C2EA28D2286316FA00E6F54A /* Ingredients.swift in Sources */ = {isa = PBXBuildFile; fileRef = C2EA28D1286316FA00E6F54A /* Ingredients.swift */; };
		C2FBD51D2869DF2C008E9B72 /* RecipieImageLogic.swift in Sources */ = {isa = PBXBuildFile; fileRef = C2FBD51C2869DF2C008E9B72 /* RecipieImageLogic.swift */; };
/* End PBXBuildFile section */

/* Begin PBXFileReference section */
		C23C9E51288968300087040E /* ImportRecipieView.swift */ = {isa = PBXFileReference; lastKnownFileType = sourcecode.swift; path = ImportRecipieView.swift; sourceTree = "<group>"; };
		C259308A286641E600AD529D /* DataProto.swift */ = {isa = PBXFileReference; lastKnownFileType = sourcecode.swift; path = DataProto.swift; sourceTree = "<group>"; };
		C259308F286642D200AD529D /* Datacontroller.swift */ = {isa = PBXFileReference; lastKnownFileType = sourcecode.swift; path = Datacontroller.swift; sourceTree = "<group>"; };
		C259309128664C3600AD529D /* AddRecipieView.swift */ = {isa = PBXFileReference; lastKnownFileType = sourcecode.swift; path = AddRecipieView.swift; sourceTree = "<group>"; };
		C259309428664F9300AD529D /* RezeptSammlung.swift */ = {isa = PBXFileReference; lastKnownFileType = sourcecode.swift; path = RezeptSammlung.swift; sourceTree = "<group>"; };
		C2688601286C264E0065D521 /* SettingsView.swift */ = {isa = PBXFileReference; lastKnownFileType = sourcecode.swift; path = SettingsView.swift; sourceTree = "<group>"; };
		C2688603286C478A0065D521 /* RecipieGeneratorLogic.swift */ = {isa = PBXFileReference; lastKnownFileType = sourcecode.swift; path = RecipieGeneratorLogic.swift; sourceTree = "<group>"; };
		C2688605286C573C0065D521 /* TagConverter.swift */ = {isa = PBXFileReference; lastKnownFileType = sourcecode.swift; path = TagConverter.swift; sourceTree = "<group>"; };
		C277C705286E3C87008D3F7C /* ShoppingListItem.swift */ = {isa = PBXFileReference; lastKnownFileType = sourcecode.swift; path = ShoppingListItem.swift; sourceTree = "<group>"; };
		C279DBFF286F991D00466B5D /* PreloadRecipies.swift */ = {isa = PBXFileReference; lastKnownFileType = sourcecode.swift; path = PreloadRecipies.swift; sourceTree = "<group>"; };
		C28F381C282CFCBA0074079B /* Rezepte.swift */ = {isa = PBXFileReference; lastKnownFileType = sourcecode.swift; path = Rezepte.swift; sourceTree = "<group>"; };
		C28F381E282D1B6F0074079B /* ColorTheme.swift */ = {isa = PBXFileReference; lastKnownFileType = sourcecode.swift; path = ColorTheme.swift; sourceTree = "<group>"; };
		C294564D282B977700931872 /* weekleat.app */ = {isa = PBXFileReference; explicitFileType = wrapper.application; includeInIndex = 0; path = weekleat.app; sourceTree = BUILT_PRODUCTS_DIR; };
		C2945650282B977700931872 /* weekleatApp.swift */ = {isa = PBXFileReference; lastKnownFileType = sourcecode.swift; path = weekleatApp.swift; sourceTree = "<group>"; };
		C2945654282B977900931872 /* Assets.xcassets */ = {isa = PBXFileReference; lastKnownFileType = folder.assetcatalog; path = Assets.xcassets; sourceTree = "<group>"; };
		C2945657282B977900931872 /* Preview Assets.xcassets */ = {isa = PBXFileReference; lastKnownFileType = folder.assetcatalog; path = "Preview Assets.xcassets"; sourceTree = "<group>"; };
		C2945664282BAB3200931872 /* Migra.otf */ = {isa = PBXFileReference; lastKnownFileType = file; path = Migra.otf; sourceTree = "<group>"; };
		C2945666282BAD0300931872 /* Info.plist */ = {isa = PBXFileReference; lastKnownFileType = text.plist.xml; path = Info.plist; sourceTree = "<group>"; };
		C294566A282BB7E300931872 /* WeekPlanner.swift */ = {isa = PBXFileReference; lastKnownFileType = sourcecode.swift; path = WeekPlanner.swift; sourceTree = "<group>"; };
		C2AB072228646D1D00276B92 /* BottomBarNavigation.swift */ = {isa = PBXFileReference; lastKnownFileType = sourcecode.swift; path = BottomBarNavigation.swift; sourceTree = "<group>"; };
		C2AE2A5D28698BAD00CB0DA6 /* Weekleat.xcdatamodel */ = {isa = PBXFileReference; lastKnownFileType = wrapper.xcdatamodel; path = Weekleat.xcdatamodel; sourceTree = "<group>"; };
		C2AE2A672869951100CB0DA6 /* Ingredient+CoreDataClass.swift */ = {isa = PBXFileReference; lastKnownFileType = sourcecode.swift; path = "Ingredient+CoreDataClass.swift"; sourceTree = "<group>"; };
		C2AE2A682869951100CB0DA6 /* Ingredient+CoreDataProperties.swift */ = {isa = PBXFileReference; lastKnownFileType = sourcecode.swift; path = "Ingredient+CoreDataProperties.swift"; sourceTree = "<group>"; };
		C2AE2A692869951100CB0DA6 /* Recipie+CoreDataClass.swift */ = {isa = PBXFileReference; lastKnownFileType = sourcecode.swift; path = "Recipie+CoreDataClass.swift"; sourceTree = "<group>"; };
		C2AE2A6A2869951100CB0DA6 /* Recipie+CoreDataProperties.swift */ = {isa = PBXFileReference; lastKnownFileType = sourcecode.swift; path = "Recipie+CoreDataProperties.swift"; sourceTree = "<group>"; };
		C2AE458D286ACF0A00EC383E /* SingleTagViewButton.swift */ = {isa = PBXFileReference; lastKnownFileType = sourcecode.swift; path = SingleTagViewButton.swift; sourceTree = "<group>"; };
		C2B49DE92848DC54002F695B /* SingleTagView.swift */ = {isa = PBXFileReference; lastKnownFileType = sourcecode.swift; path = SingleTagView.swift; sourceTree = "<group>"; };
		C2B49DEB2849F2F0002F695B /* ListItemElement.swift */ = {isa = PBXFileReference; lastKnownFileType = sourcecode.swift; path = ListItemElement.swift; sourceTree = "<group>"; };
		C2D3D405286DF4C500A92956 /* EditRecipieView.swift */ = {isa = PBXFileReference; lastKnownFileType = sourcecode.swift; path = EditRecipieView.swift; sourceTree = "<group>"; };
		C2D3D407286E023D00A92956 /* IngredientsLogic.swift */ = {isa = PBXFileReference; lastKnownFileType = sourcecode.swift; path = IngredientsLogic.swift; sourceTree = "<group>"; };
		C2D3D409286E247D00A92956 /* ShoppinglistView.swift */ = {isa = PBXFileReference; lastKnownFileType = sourcecode.swift; path = ShoppinglistView.swift; sourceTree = "<group>"; };
		C2DA7FC8283E339B009B8FE0 /* TagIcons.swift */ = {isa = PBXFileReference; lastKnownFileType = sourcecode.swift; path = TagIcons.swift; sourceTree = "<group>"; };
		C2EA28D1286316FA00E6F54A /* Ingredients.swift */ = {isa = PBXFileReference; lastKnownFileType = sourcecode.swift; path = Ingredients.swift; sourceTree = "<group>"; };
		C2FBD51C2869DF2C008E9B72 /* RecipieImageLogic.swift */ = {isa = PBXFileReference; lastKnownFileType = sourcecode.swift; path = RecipieImageLogic.swift; sourceTree = "<group>"; };
/* End PBXFileReference section */

/* Begin PBXFrameworksBuildPhase section */
		C294564A282B977700931872 /* Frameworks */ = {
			isa = PBXFrameworksBuildPhase;
			buildActionMask = 2147483647;
			files = (
				C2632766282F9E0D00B8E1B1 /* WrappingHStack in Frameworks */,
			);
			runOnlyForDeploymentPostprocessing = 0;
		};
/* End PBXFrameworksBuildPhase section */

/* Begin PBXGroup section */
		C2593089286641C900AD529D /* CoreData */ = {
			isa = PBXGroup;
			children = (
				C2AE2A672869951100CB0DA6 /* Ingredient+CoreDataClass.swift */,
				C2AE2A682869951100CB0DA6 /* Ingredient+CoreDataProperties.swift */,
				C2AE2A692869951100CB0DA6 /* Recipie+CoreDataClass.swift */,
				C2AE2A6A2869951100CB0DA6 /* Recipie+CoreDataProperties.swift */,
				C2AE2A5C28698BAD00CB0DA6 /* Weekleat.xcdatamodeld */,
				C259308A286641E600AD529D /* DataProto.swift */,
				C259308F286642D200AD529D /* Datacontroller.swift */,
			);
			path = CoreData;
			sourceTree = "<group>";
		};
		C28F381B282CFC9D0074079B /* Models */ = {
			isa = PBXGroup;
			children = (
				C28F381C282CFCBA0074079B /* Rezepte.swift */,
				C28F381E282D1B6F0074079B /* ColorTheme.swift */,
				C2DA7FC8283E339B009B8FE0 /* TagIcons.swift */,
				C2EA28D1286316FA00E6F54A /* Ingredients.swift */,
			);
			path = Models;
			sourceTree = "<group>";
		};
		C2945644282B977700931872 = {
			isa = PBXGroup;
			children = (
				C279DBFF286F991D00466B5D /* PreloadRecipies.swift */,
				C294564F282B977700931872 /* weekleat */,
				C294564E282B977700931872 /* Products */,
			);
			sourceTree = "<group>";
		};
		C294564E282B977700931872 /* Products */ = {
			isa = PBXGroup;
			children = (
				C294564D282B977700931872 /* weekleat.app */,
			);
			name = Products;
			sourceTree = "<group>";
		};
		C294564F282B977700931872 /* weekleat */ = {
			isa = PBXGroup;
			children = (
				C2945666282BAD0300931872 /* Info.plist */,
				C2D3D40D286E2BB500A92956 /* RezeptSammlung */,
				C2D3D410286E2BFE00A92956 /* WeekPlanner */,
				C2D3D411286E2C2E00A92956 /* Shoppinglist */,
				C2D3D40E286E2BD300A92956 /* Settings */,
				C2945650282B977700931872 /* weekleatApp.swift */,
				C2AB072228646D1D00276B92 /* BottomBarNavigation.swift */,
				C2D3D40F286E2BF000A92956 /* Components */,
				C2D3D413286E2CBD00A92956 /* Data */,
				C2D3D412286E2C9400A92956 /* Assets */,
				C2945656282B977900931872 /* Preview Content */,
			);
			path = weekleat;
			sourceTree = "<group>";
		};
		C2945656282B977900931872 /* Preview Content */ = {
			isa = PBXGroup;
			children = (
				C2945657282B977900931872 /* Preview Assets.xcassets */,
			);
			path = "Preview Content";
			sourceTree = "<group>";
		};
		C2945660282B9AB500931872 /* img */ = {
			isa = PBXGroup;
			children = (
			);
			path = img;
			sourceTree = "<group>";
		};
		C2945663282BAAD500931872 /* fonts */ = {
			isa = PBXGroup;
			children = (
				C2945664282BAB3200931872 /* Migra.otf */,
			);
			path = fonts;
			sourceTree = "<group>";
		};
		C2D3D40D286E2BB500A92956 /* RezeptSammlung */ = {
			isa = PBXGroup;
			children = (
				C259309428664F9300AD529D /* RezeptSammlung.swift */,
				C2D3D405286DF4C500A92956 /* EditRecipieView.swift */,
				C259309128664C3600AD529D /* AddRecipieView.swift */,
				C23C9E51288968300087040E /* ImportRecipieView.swift */,
			);
			path = RezeptSammlung;
			sourceTree = "<group>";
		};
		C2D3D40E286E2BD300A92956 /* Settings */ = {
			isa = PBXGroup;
			children = (
				C2688601286C264E0065D521 /* SettingsView.swift */,
			);
			path = Settings;
			sourceTree = "<group>";
		};
		C2D3D40F286E2BF000A92956 /* Components */ = {
			isa = PBXGroup;
			children = (
				C2B49DEB2849F2F0002F695B /* ListItemElement.swift */,
				C2B49DE92848DC54002F695B /* SingleTagView.swift */,
				C2AE458D286ACF0A00EC383E /* SingleTagViewButton.swift */,
			);
			path = Components;
			sourceTree = "<group>";
		};
		C2D3D410286E2BFE00A92956 /* WeekPlanner */ = {
			isa = PBXGroup;
			children = (
				C294566A282BB7E300931872 /* WeekPlanner.swift */,
			);
			path = WeekPlanner;
			sourceTree = "<group>";
		};
		C2D3D411286E2C2E00A92956 /* Shoppinglist */ = {
			isa = PBXGroup;
			children = (
				C2D3D409286E247D00A92956 /* ShoppinglistView.swift */,
				C277C705286E3C87008D3F7C /* ShoppingListItem.swift */,
			);
			path = Shoppinglist;
			sourceTree = "<group>";
		};
		C2D3D412286E2C9400A92956 /* Assets */ = {
			isa = PBXGroup;
			children = (
				C2945660282B9AB500931872 /* img */,
				C2945654282B977900931872 /* Assets.xcassets */,
				C2945663282BAAD500931872 /* fonts */,
			);
			path = Assets;
			sourceTree = "<group>";
		};
		C2D3D413286E2CBD00A92956 /* Data */ = {
			isa = PBXGroup;
			children = (
				C2FBD51E2869DF35008E9B72 /* Logic */,
				C28F381B282CFC9D0074079B /* Models */,
				C2593089286641C900AD529D /* CoreData */,
			);
			path = Data;
			sourceTree = "<group>";
		};
		C2FBD51E2869DF35008E9B72 /* Logic */ = {
			isa = PBXGroup;
			children = (
				C2FBD51C2869DF2C008E9B72 /* RecipieImageLogic.swift */,
				C2688603286C478A0065D521 /* RecipieGeneratorLogic.swift */,
				C2688605286C573C0065D521 /* TagConverter.swift */,
				C2D3D407286E023D00A92956 /* IngredientsLogic.swift */,
			);
			path = Logic;
			sourceTree = "<group>";
		};
/* End PBXGroup section */

/* Begin PBXNativeTarget section */
		C294564C282B977700931872 /* weekleat */ = {
			isa = PBXNativeTarget;
			buildConfigurationList = C294565B282B977900931872 /* Build configuration list for PBXNativeTarget "weekleat" */;
			buildPhases = (
				C2945649282B977700931872 /* Sources */,
				C294564A282B977700931872 /* Frameworks */,
				C294564B282B977700931872 /* Resources */,
			);
			buildRules = (
			);
			dependencies = (
			);
			name = weekleat;
			packageProductDependencies = (
				C2632765282F9E0D00B8E1B1 /* WrappingHStack */,
			);
			productName = weekleat;
			productReference = C294564D282B977700931872 /* weekleat.app */;
			productType = "com.apple.product-type.application";
		};
/* End PBXNativeTarget section */

/* Begin PBXProject section */
		C2945645282B977700931872 /* Project object */ = {
			isa = PBXProject;
			attributes = {
				BuildIndependentTargetsInParallel = 1;
				LastSwiftUpdateCheck = 1330;
				LastUpgradeCheck = 1330;
				TargetAttributes = {
					C294564C282B977700931872 = {
						CreatedOnToolsVersion = 13.3.1;
					};
				};
			};
			buildConfigurationList = C2945648282B977700931872 /* Build configuration list for PBXProject "weekleat" */;
			compatibilityVersion = "Xcode 13.0";
			developmentRegion = en;
			hasScannedForEncodings = 0;
			knownRegions = (
				en,
				Base,
			);
			mainGroup = C2945644282B977700931872;
			packageReferences = (
				C2632764282F9E0D00B8E1B1 /* XCRemoteSwiftPackageReference "WrappingHStack" */,
			);
			productRefGroup = C294564E282B977700931872 /* Products */;
			projectDirPath = "";
			projectRoot = "";
			targets = (
				C294564C282B977700931872 /* weekleat */,
			);
		};
/* End PBXProject section */

/* Begin PBXResourcesBuildPhase section */
		C294564B282B977700931872 /* Resources */ = {
			isa = PBXResourcesBuildPhase;
			buildActionMask = 2147483647;
			files = (
				C2945658282B977900931872 /* Preview Assets.xcassets in Resources */,
				C2945665282BAB3200931872 /* Migra.otf in Resources */,
				C2945655282B977900931872 /* Assets.xcassets in Resources */,
			);
			runOnlyForDeploymentPostprocessing = 0;
		};
/* End PBXResourcesBuildPhase section */

/* Begin PBXSourcesBuildPhase section */
		C2945649282B977700931872 /* Sources */ = {
			isa = PBXSourcesBuildPhase;
			buildActionMask = 2147483647;
			files = (
				C259308B286641E600AD529D /* DataProto.swift in Sources */,
				C2AE2A6E2869951100CB0DA6 /* Recipie+CoreDataProperties.swift in Sources */,
				C259309228664C3600AD529D /* AddRecipieView.swift in Sources */,
				C2D3D406286DF4C500A92956 /* EditRecipieView.swift in Sources */,
				C2D3D408286E023D00A92956 /* IngredientsLogic.swift in Sources */,
				C28F381D282CFCBA0074079B /* Rezepte.swift in Sources */,
				C2DA7FC9283E339B009B8FE0 /* TagIcons.swift in Sources */,
				C294566B282BB7E300931872 /* WeekPlanner.swift in Sources */,
				C279DC00286F991D00466B5D /* PreloadRecipies.swift in Sources */,
				C2AE2A6D2869951100CB0DA6 /* Recipie+CoreDataClass.swift in Sources */,
				C2593090286642D200AD529D /* Datacontroller.swift in Sources */,
				C2AE2A5E28698BAD00CB0DA6 /* Weekleat.xcdatamodeld in Sources */,
				C2688604286C478B0065D521 /* RecipieGeneratorLogic.swift in Sources */,
				C277C706286E3C87008D3F7C /* ShoppingListItem.swift in Sources */,
				C2B49DEA2848DC54002F695B /* SingleTagView.swift in Sources */,
				C2FBD51D2869DF2C008E9B72 /* RecipieImageLogic.swift in Sources */,
				C2AE2A6B2869951100CB0DA6 /* Ingredient+CoreDataClass.swift in Sources */,
				C2688602286C264E0065D521 /* SettingsView.swift in Sources */,
				C28F381F282D1B6F0074079B /* ColorTheme.swift in Sources */,
				C2D3D40A286E247D00A92956 /* ShoppinglistView.swift in Sources */,
				C2945651282B977700931872 /* weekleatApp.swift in Sources */,
				C2AE2A6C2869951100CB0DA6 /* Ingredient+CoreDataProperties.swift in Sources */,
				C2EA28D2286316FA00E6F54A /* Ingredients.swift in Sources */,
				C259309528664F9300AD529D /* RezeptSammlung.swift in Sources */,
				C23C9E52288968300087040E /* ImportRecipieView.swift in Sources */,
				C2AE458E286ACF0A00EC383E /* SingleTagViewButton.swift in Sources */,
				C2688606286C573C0065D521 /* TagConverter.swift in Sources */,
				C2AB072328646D1D00276B92 /* BottomBarNavigation.swift in Sources */,
				C2B49DEC2849F2F0002F695B /* ListItemElement.swift in Sources */,
			);
			runOnlyForDeploymentPostprocessing = 0;
		};
/* End PBXSourcesBuildPhase section */

/* Begin XCBuildConfiguration section */
		C2945659282B977900931872 /* Debug */ = {
			isa = XCBuildConfiguration;
			buildSettings = {
				ALWAYS_SEARCH_USER_PATHS = NO;
				CLANG_ANALYZER_NONNULL = YES;
				CLANG_ANALYZER_NUMBER_OBJECT_CONVERSION = YES_AGGRESSIVE;
				CLANG_CXX_LANGUAGE_STANDARD = "gnu++17";
				CLANG_ENABLE_MODULES = YES;
				CLANG_ENABLE_OBJC_ARC = YES;
				CLANG_ENABLE_OBJC_WEAK = YES;
				CLANG_WARN_BLOCK_CAPTURE_AUTORELEASING = YES;
				CLANG_WARN_BOOL_CONVERSION = YES;
				CLANG_WARN_COMMA = YES;
				CLANG_WARN_CONSTANT_CONVERSION = YES;
				CLANG_WARN_DEPRECATED_OBJC_IMPLEMENTATIONS = YES;
				CLANG_WARN_DIRECT_OBJC_ISA_USAGE = YES_ERROR;
				CLANG_WARN_DOCUMENTATION_COMMENTS = YES;
				CLANG_WARN_EMPTY_BODY = YES;
				CLANG_WARN_ENUM_CONVERSION = YES;
				CLANG_WARN_INFINITE_RECURSION = YES;
				CLANG_WARN_INT_CONVERSION = YES;
				CLANG_WARN_NON_LITERAL_NULL_CONVERSION = YES;
				CLANG_WARN_OBJC_IMPLICIT_RETAIN_SELF = YES;
				CLANG_WARN_OBJC_LITERAL_CONVERSION = YES;
				CLANG_WARN_OBJC_ROOT_CLASS = YES_ERROR;
				CLANG_WARN_QUOTED_INCLUDE_IN_FRAMEWORK_HEADER = YES;
				CLANG_WARN_RANGE_LOOP_ANALYSIS = YES;
				CLANG_WARN_STRICT_PROTOTYPES = YES;
				CLANG_WARN_SUSPICIOUS_MOVE = YES;
				CLANG_WARN_UNGUARDED_AVAILABILITY = YES_AGGRESSIVE;
				CLANG_WARN_UNREACHABLE_CODE = YES;
				CLANG_WARN__DUPLICATE_METHOD_MATCH = YES;
				COPY_PHASE_STRIP = NO;
				DEBUG_INFORMATION_FORMAT = dwarf;
				ENABLE_STRICT_OBJC_MSGSEND = YES;
				ENABLE_TESTABILITY = YES;
				GCC_C_LANGUAGE_STANDARD = gnu11;
				GCC_DYNAMIC_NO_PIC = NO;
				GCC_NO_COMMON_BLOCKS = YES;
				GCC_OPTIMIZATION_LEVEL = 0;
				GCC_PREPROCESSOR_DEFINITIONS = (
					"DEBUG=1",
					"$(inherited)",
				);
				GCC_WARN_64_TO_32_BIT_CONVERSION = YES;
				GCC_WARN_ABOUT_RETURN_TYPE = YES_ERROR;
				GCC_WARN_UNDECLARED_SELECTOR = YES;
				GCC_WARN_UNINITIALIZED_AUTOS = YES_AGGRESSIVE;
				GCC_WARN_UNUSED_FUNCTION = YES;
				GCC_WARN_UNUSED_VARIABLE = YES;
				IPHONEOS_DEPLOYMENT_TARGET = 15.4;
				MTL_ENABLE_DEBUG_INFO = INCLUDE_SOURCE;
				MTL_FAST_MATH = YES;
				ONLY_ACTIVE_ARCH = YES;
				SDKROOT = iphoneos;
				SWIFT_ACTIVE_COMPILATION_CONDITIONS = DEBUG;
				SWIFT_OPTIMIZATION_LEVEL = "-Onone";
			};
			name = Debug;
		};
		C294565A282B977900931872 /* Release */ = {
			isa = XCBuildConfiguration;
			buildSettings = {
				ALWAYS_SEARCH_USER_PATHS = NO;
				CLANG_ANALYZER_NONNULL = YES;
				CLANG_ANALYZER_NUMBER_OBJECT_CONVERSION = YES_AGGRESSIVE;
				CLANG_CXX_LANGUAGE_STANDARD = "gnu++17";
				CLANG_ENABLE_MODULES = YES;
				CLANG_ENABLE_OBJC_ARC = YES;
				CLANG_ENABLE_OBJC_WEAK = YES;
				CLANG_WARN_BLOCK_CAPTURE_AUTORELEASING = YES;
				CLANG_WARN_BOOL_CONVERSION = YES;
				CLANG_WARN_COMMA = YES;
				CLANG_WARN_CONSTANT_CONVERSION = YES;
				CLANG_WARN_DEPRECATED_OBJC_IMPLEMENTATIONS = YES;
				CLANG_WARN_DIRECT_OBJC_ISA_USAGE = YES_ERROR;
				CLANG_WARN_DOCUMENTATION_COMMENTS = YES;
				CLANG_WARN_EMPTY_BODY = YES;
				CLANG_WARN_ENUM_CONVERSION = YES;
				CLANG_WARN_INFINITE_RECURSION = YES;
				CLANG_WARN_INT_CONVERSION = YES;
				CLANG_WARN_NON_LITERAL_NULL_CONVERSION = YES;
				CLANG_WARN_OBJC_IMPLICIT_RETAIN_SELF = YES;
				CLANG_WARN_OBJC_LITERAL_CONVERSION = YES;
				CLANG_WARN_OBJC_ROOT_CLASS = YES_ERROR;
				CLANG_WARN_QUOTED_INCLUDE_IN_FRAMEWORK_HEADER = YES;
				CLANG_WARN_RANGE_LOOP_ANALYSIS = YES;
				CLANG_WARN_STRICT_PROTOTYPES = YES;
				CLANG_WARN_SUSPICIOUS_MOVE = YES;
				CLANG_WARN_UNGUARDED_AVAILABILITY = YES_AGGRESSIVE;
				CLANG_WARN_UNREACHABLE_CODE = YES;
				CLANG_WARN__DUPLICATE_METHOD_MATCH = YES;
				COPY_PHASE_STRIP = NO;
				DEBUG_INFORMATION_FORMAT = "dwarf-with-dsym";
				ENABLE_NS_ASSERTIONS = NO;
				ENABLE_STRICT_OBJC_MSGSEND = YES;
				GCC_C_LANGUAGE_STANDARD = gnu11;
				GCC_NO_COMMON_BLOCKS = YES;
				GCC_WARN_64_TO_32_BIT_CONVERSION = YES;
				GCC_WARN_ABOUT_RETURN_TYPE = YES_ERROR;
				GCC_WARN_UNDECLARED_SELECTOR = YES;
				GCC_WARN_UNINITIALIZED_AUTOS = YES_AGGRESSIVE;
				GCC_WARN_UNUSED_FUNCTION = YES;
				GCC_WARN_UNUSED_VARIABLE = YES;
				IPHONEOS_DEPLOYMENT_TARGET = 15.4;
				MTL_ENABLE_DEBUG_INFO = NO;
				MTL_FAST_MATH = YES;
				SDKROOT = iphoneos;
				SWIFT_COMPILATION_MODE = wholemodule;
				SWIFT_OPTIMIZATION_LEVEL = "-O";
				VALIDATE_PRODUCT = YES;
			};
			name = Release;
		};
		C294565C282B977900931872 /* Debug */ = {
			isa = XCBuildConfiguration;
			buildSettings = {
				ASSETCATALOG_COMPILER_APPICON_NAME = AppIcon;
				ASSETCATALOG_COMPILER_GLOBAL_ACCENT_COLOR_NAME = AccentColor;
				CODE_SIGN_STYLE = Automatic;
				CURRENT_PROJECT_VERSION = 1;
				DEVELOPMENT_ASSET_PATHS = "\"weekleat/Preview Content\"";
				DEVELOPMENT_TEAM = A99SKRN3J4;
				ENABLE_PREVIEWS = YES;
				GENERATE_INFOPLIST_FILE = YES;
				INFOPLIST_FILE = weekleat/Info.plist;
				INFOPLIST_KEY_UIApplicationSceneManifest_Generation = YES;
				INFOPLIST_KEY_UIApplicationSupportsIndirectInputEvents = YES;
				INFOPLIST_KEY_UILaunchScreen_Generation = YES;
				INFOPLIST_KEY_UISupportedInterfaceOrientations_iPad = "UIInterfaceOrientationPortrait UIInterfaceOrientationPortraitUpsideDown UIInterfaceOrientationLandscapeLeft UIInterfaceOrientationLandscapeRight";
				INFOPLIST_KEY_UISupportedInterfaceOrientations_iPhone = "UIInterfaceOrientationPortrait UIInterfaceOrientationLandscapeLeft UIInterfaceOrientationLandscapeRight";
				LD_RUNPATH_SEARCH_PATHS = (
					"$(inherited)",
					"@executable_path/Frameworks",
				);
				MARKETING_VERSION = 1.0;
				PRODUCT_BUNDLE_IDENTIFIER = de.philippjenny.weekleat;
				PRODUCT_NAME = "$(TARGET_NAME)";
				SWIFT_EMIT_LOC_STRINGS = YES;
				SWIFT_VERSION = 5.0;
				TARGETED_DEVICE_FAMILY = "1,2";
			};
			name = Debug;
		};
		C294565D282B977900931872 /* Release */ = {
			isa = XCBuildConfiguration;
			buildSettings = {
				ASSETCATALOG_COMPILER_APPICON_NAME = AppIcon;
				ASSETCATALOG_COMPILER_GLOBAL_ACCENT_COLOR_NAME = AccentColor;
				CODE_SIGN_STYLE = Automatic;
				CURRENT_PROJECT_VERSION = 1;
				DEVELOPMENT_ASSET_PATHS = "\"weekleat/Preview Content\"";
				DEVELOPMENT_TEAM = A99SKRN3J4;
				ENABLE_PREVIEWS = YES;
				GENERATE_INFOPLIST_FILE = YES;
				INFOPLIST_FILE = weekleat/Info.plist;
				INFOPLIST_KEY_UIApplicationSceneManifest_Generation = YES;
				INFOPLIST_KEY_UIApplicationSupportsIndirectInputEvents = YES;
				INFOPLIST_KEY_UILaunchScreen_Generation = YES;
				INFOPLIST_KEY_UISupportedInterfaceOrientations_iPad = "UIInterfaceOrientationPortrait UIInterfaceOrientationPortraitUpsideDown UIInterfaceOrientationLandscapeLeft UIInterfaceOrientationLandscapeRight";
				INFOPLIST_KEY_UISupportedInterfaceOrientations_iPhone = "UIInterfaceOrientationPortrait UIInterfaceOrientationLandscapeLeft UIInterfaceOrientationLandscapeRight";
				LD_RUNPATH_SEARCH_PATHS = (
					"$(inherited)",
					"@executable_path/Frameworks",
				);
				MARKETING_VERSION = 1.0;
				PRODUCT_BUNDLE_IDENTIFIER = de.philippjenny.weekleat;
				PRODUCT_NAME = "$(TARGET_NAME)";
				SWIFT_EMIT_LOC_STRINGS = YES;
				SWIFT_VERSION = 5.0;
				TARGETED_DEVICE_FAMILY = "1,2";
			};
			name = Release;
		};
/* End XCBuildConfiguration section */

/* Begin XCConfigurationList section */
		C2945648282B977700931872 /* Build configuration list for PBXProject "weekleat" */ = {
			isa = XCConfigurationList;
			buildConfigurations = (
				C2945659282B977900931872 /* Debug */,
				C294565A282B977900931872 /* Release */,
			);
			defaultConfigurationIsVisible = 0;
			defaultConfigurationName = Release;
		};
		C294565B282B977900931872 /* Build configuration list for PBXNativeTarget "weekleat" */ = {
			isa = XCConfigurationList;
			buildConfigurations = (
				C294565C282B977900931872 /* Debug */,
				C294565D282B977900931872 /* Release */,
			);
			defaultConfigurationIsVisible = 0;
			defaultConfigurationName = Release;
		};
/* End XCConfigurationList section */

/* Begin XCRemoteSwiftPackageReference section */
		C2632764282F9E0D00B8E1B1 /* XCRemoteSwiftPackageReference "WrappingHStack" */ = {
			isa = XCRemoteSwiftPackageReference;
			repositoryURL = "https://github.com/dkk/WrappingHStack";
			requirement = {
				kind = upToNextMajorVersion;
				minimumVersion = 2.0.0;
			};
		};
/* End XCRemoteSwiftPackageReference section */

/* Begin XCSwiftPackageProductDependency section */
		C2632765282F9E0D00B8E1B1 /* WrappingHStack */ = {
			isa = XCSwiftPackageProductDependency;
			package = C2632764282F9E0D00B8E1B1 /* XCRemoteSwiftPackageReference "WrappingHStack" */;
			productName = WrappingHStack;
		};
/* End XCSwiftPackageProductDependency section */

/* Begin XCVersionGroup section */
		C2AE2A5C28698BAD00CB0DA6 /* Weekleat.xcdatamodeld */ = {
			isa = XCVersionGroup;
			children = (
				C2AE2A5D28698BAD00CB0DA6 /* Weekleat.xcdatamodel */,
			);
			currentVersion = C2AE2A5D28698BAD00CB0DA6 /* Weekleat.xcdatamodel */;
			path = Weekleat.xcdatamodeld;
			sourceTree = "<group>";
			versionGroupType = wrapper.xcdatamodel;
		};
/* End XCVersionGroup section */
	};
	rootObject = C2945645282B977700931872 /* Project object */;
}
